// !$*UTF8*$!
{
	archiveVersion = 1;
	classes = {
	};
	objectVersion = 50;
	objects = {

/* Begin PBXBuildFile section */
		F5C5487C26B5A681001CACAC /* AppDelegate.swift in Sources */ = {isa = PBXBuildFile; fileRef = F5C5487B26B5A681001CACAC /* AppDelegate.swift */; };
		F5C5487E26B5A681001CACAC /* SceneDelegate.swift in Sources */ = {isa = PBXBuildFile; fileRef = F5C5487D26B5A681001CACAC /* SceneDelegate.swift */; };
		F5C5488026B5A681001CACAC /* ViewController.swift in Sources */ = {isa = PBXBuildFile; fileRef = F5C5487F26B5A681001CACAC /* ViewController.swift */; };
		F5C5488326B5A681001CACAC /* Main.storyboard in Resources */ = {isa = PBXBuildFile; fileRef = F5C5488126B5A681001CACAC /* Main.storyboard */; };
		F5C5488526B5A683001CACAC /* Assets.xcassets in Resources */ = {isa = PBXBuildFile; fileRef = F5C5488426B5A683001CACAC /* Assets.xcassets */; };
		F5C5488826B5A683001CACAC /* LaunchScreen.storyboard in Resources */ = {isa = PBXBuildFile; fileRef = F5C5488626B5A683001CACAC /* LaunchScreen.storyboard */; };
		F5C5489226B6F5FC001CACAC /* DetailViewController.swift in Sources */ = {isa = PBXBuildFile; fileRef = F5C5489126B6F5FC001CACAC /* DetailViewController.swift */; };
		F5C5489426B6F6BD001CACAC /* AcademiesViewController.swift in Sources */ = {isa = PBXBuildFile; fileRef = F5C5489326B6F6BD001CACAC /* AcademiesViewController.swift */; };
		F5C5489626B6F6D1001CACAC /* ChallengeViewController.swift in Sources */ = {isa = PBXBuildFile; fileRef = F5C5489526B6F6D1001CACAC /* ChallengeViewController.swift */; };
		F5C5489826B6F6E4001CACAC /* ProfileViewController.swift in Sources */ = {isa = PBXBuildFile; fileRef = F5C5489726B6F6E4001CACAC /* ProfileViewController.swift */; };
/* End PBXBuildFile section */

/* Begin PBXFileReference section */
		F5C5487826B5A681001CACAC /* codeLabs.app */ = {isa = PBXFileReference; explicitFileType = wrapper.application; includeInIndex = 0; path = codeLabs.app; sourceTree = BUILT_PRODUCTS_DIR; };
		F5C5487B26B5A681001CACAC /* AppDelegate.swift */ = {isa = PBXFileReference; lastKnownFileType = sourcecode.swift; path = AppDelegate.swift; sourceTree = "<group>"; };
		F5C5487D26B5A681001CACAC /* SceneDelegate.swift */ = {isa = PBXFileReference; lastKnownFileType = sourcecode.swift; path = SceneDelegate.swift; sourceTree = "<group>"; };
		F5C5487F26B5A681001CACAC /* ViewController.swift */ = {isa = PBXFileReference; lastKnownFileType = sourcecode.swift; path = ViewController.swift; sourceTree = "<group>"; };
		F5C5488226B5A681001CACAC /* Base */ = {isa = PBXFileReference; lastKnownFileType = file.storyboard; name = Base; path = Base.lproj/Main.storyboard; sourceTree = "<group>"; };
		F5C5488426B5A683001CACAC /* Assets.xcassets */ = {isa = PBXFileReference; lastKnownFileType = folder.assetcatalog; path = Assets.xcassets; sourceTree = "<group>"; };
		F5C5488726B5A683001CACAC /* Base */ = {isa = PBXFileReference; lastKnownFileType = file.storyboard; name = Base; path = Base.lproj/LaunchScreen.storyboard; sourceTree = "<group>"; };
		F5C5488926B5A683001CACAC /* Info.plist */ = {isa = PBXFileReference; lastKnownFileType = text.plist.xml; path = Info.plist; sourceTree = "<group>"; };
		F5C5489126B6F5FC001CACAC /* DetailViewController.swift */ = {isa = PBXFileReference; lastKnownFileType = sourcecode.swift; path = DetailViewController.swift; sourceTree = "<group>"; };
		F5C5489326B6F6BD001CACAC /* AcademiesViewController.swift */ = {isa = PBXFileReference; lastKnownFileType = sourcecode.swift; path = AcademiesViewController.swift; sourceTree = "<group>"; };
		F5C5489526B6F6D1001CACAC /* ChallengeViewController.swift */ = {isa = PBXFileReference; lastKnownFileType = sourcecode.swift; path = ChallengeViewController.swift; sourceTree = "<group>"; };
		F5C5489726B6F6E4001CACAC /* ProfileViewController.swift */ = {isa = PBXFileReference; lastKnownFileType = sourcecode.swift; path = ProfileViewController.swift; sourceTree = "<group>"; };
/* End PBXFileReference section */

/* Begin PBXFrameworksBuildPhase section */
		F5C5487526B5A681001CACAC /* Frameworks */ = {
			isa = PBXFrameworksBuildPhase;
			buildActionMask = 2147483647;
			files = (
			);
			runOnlyForDeploymentPostprocessing = 0;
		};
/* End PBXFrameworksBuildPhase section */

/* Begin PBXGroup section */
		F5C5486F26B5A680001CACAC = {
			isa = PBXGroup;
			children = (
				F5C5487A26B5A681001CACAC /* codeLabs */,
				F5C5487926B5A681001CACAC /* Products */,
			);
			sourceTree = "<group>";
		};
		F5C5487926B5A681001CACAC /* Products */ = {
			isa = PBXGroup;
			children = (
				F5C5487826B5A681001CACAC /* codeLabs.app */,
			);
			name = Products;
			sourceTree = "<group>";
		};
		F5C5487A26B5A681001CACAC /* codeLabs */ = {
			isa = PBXGroup;
			children = (
				F5C5487B26B5A681001CACAC /* AppDelegate.swift */,
				F5C5487D26B5A681001CACAC /* SceneDelegate.swift */,
				F5C5487F26B5A681001CACAC /* ViewController.swift */,
				F5C5488126B5A681001CACAC /* Main.storyboard */,
				F5C5489326B6F6BD001CACAC /* AcademiesViewController.swift */,
				F5C5489526B6F6D1001CACAC /* ChallengeViewController.swift */,
				F5C5489726B6F6E4001CACAC /* ProfileViewController.swift */,
				F5C5489126B6F5FC001CACAC /* DetailViewController.swift */,
				F5C5488426B5A683001CACAC /* Assets.xcassets */,
				F5C5488626B5A683001CACAC /* LaunchScreen.storyboard */,
				F5C5488926B5A683001CACAC /* Info.plist */,
			);
			path = codeLabs;
			sourceTree = "<group>";
		};
/* End PBXGroup section */

/* Begin PBXNativeTarget section */
		F5C5487726B5A681001CACAC /* codeLabs */ = {
			isa = PBXNativeTarget;
			buildConfigurationList = F5C5488C26B5A683001CACAC /* Build configuration list for PBXNativeTarget "codeLabs" */;
			buildPhases = (
				F5C5487426B5A681001CACAC /* Sources */,
				F5C5487526B5A681001CACAC /* Frameworks */,
				F5C5487626B5A681001CACAC /* Resources */,
			);
			buildRules = (
			);
			dependencies = (
			);
			name = codeLabs;
			productName = codeLabs;
			productReference = F5C5487826B5A681001CACAC /* codeLabs.app */;
			productType = "com.apple.product-type.application";
		};
/* End PBXNativeTarget section */

/* Begin PBXProject section */
		F5C5487026B5A680001CACAC /* Project object */ = {
			isa = PBXProject;
			attributes = {
				LastSwiftUpdateCheck = 1250;
				LastUpgradeCheck = 1250;
				TargetAttributes = {
					F5C5487726B5A681001CACAC = {
						CreatedOnToolsVersion = 12.5.1;
					};
				};
			};
			buildConfigurationList = F5C5487326B5A680001CACAC /* Build configuration list for PBXProject "codeLabs" */;
			compatibilityVersion = "Xcode 9.3";
			developmentRegion = en;
			hasScannedForEncodings = 0;
			knownRegions = (
				en,
				Base,
			);
			mainGroup = F5C5486F26B5A680001CACAC;
			productRefGroup = F5C5487926B5A681001CACAC /* Products */;
			projectDirPath = "";
			projectRoot = "";
			targets = (
				F5C5487726B5A681001CACAC /* codeLabs */,
			);
		};
/* End PBXProject section */

/* Begin PBXResourcesBuildPhase section */
		F5C5487626B5A681001CACAC /* Resources */ = {
			isa = PBXResourcesBuildPhase;
			buildActionMask = 2147483647;
			files = (
				F5C5488826B5A683001CACAC /* LaunchScreen.storyboard in Resources */,
				F5C5488526B5A683001CACAC /* Assets.xcassets in Resources */,
				F5C5488326B5A681001CACAC /* Main.storyboard in Resources */,
			);
			runOnlyForDeploymentPostprocessing = 0;
		};
/* End PBXResourcesBuildPhase section */

/* Begin PBXSourcesBuildPhase section */
		F5C5487426B5A681001CACAC /* Sources */ = {
			isa = PBXSourcesBuildPhase;
			buildActionMask = 2147483647;
			files = (
				F5C5488026B5A681001CACAC /* ViewController.swift in Sources */,
				F5C5487C26B5A681001CACAC /* AppDelegate.swift in Sources */,
				F5C5489426B6F6BD001CACAC /* AcademiesViewController.swift in Sources */,
				F5C5487E26B5A681001CACAC /* SceneDelegate.swift in Sources */,
				F5C5489826B6F6E4001CACAC /* ProfileViewController.swift in Sources */,
				F5C5489626B6F6D1001CACAC /* ChallengeViewController.swift in Sources */,
				F5C5489226B6F5FC001CACAC /* DetailViewController.swift in Sources */,
			);
			runOnlyForDeploymentPostprocessing = 0;
		};
/* End PBXSourcesBuildPhase section */

/* Begin PBXVariantGroup section */
		F5C5488126B5A681001CACAC /* Main.storyboard */ = {
			isa = PBXVariantGroup;
			children = (
				F5C5488226B5A681001CACAC /* Base */,
			);
			name = Main.storyboard;
			sourceTree = "<group>";
		};
		F5C5488626B5A683001CACAC /* LaunchScreen.storyboard */ = {
			isa = PBXVariantGroup;
			children = (
				F5C5488726B5A683001CACAC /* Base */,
			);
			name = LaunchScreen.storyboard;
			sourceTree = "<group>";
		};
/* End PBXVariantGroup section */

/* Begin XCBuildConfiguration section */
		F5C5488A26B5A683001CACAC /* Debug */ = {
			isa = XCBuildConfiguration;
			buildSettings = {
				ALWAYS_SEARCH_USER_PATHS = NO;
				CLANG_ANALYZER_NONNULL = YES;
				CLANG_ANALYZER_NUMBER_OBJECT_CONVERSION = YES_AGGRESSIVE;
				CLANG_CXX_LANGUAGE_STANDARD = "gnu++14";
				CLANG_CXX_LIBRARY = "libc++";
				CLANG_ENABLE_MODULES = YES;
				CLANG_ENABLE_OBJC_ARC = YES;
				CLANG_ENABLE_OBJC_WEAK = YES;
				CLANG_WARN_BLOCK_CAPTURE_AUTORELEASING = YES;
				CLANG_WARN_BOOL_CONVERSION = YES;
				CLANG_WARN_COMMA = YES;
				CLANG_WARN_CONSTANT_CONVERSION = YES;
				CLANG_WARN_DEPRECATED_OBJC_IMPLEMENTATIONS = YES;
				CLANG_WARN_DIRECT_OBJC_ISA_USAGE = YES_ERROR;
				CLANG_WARN_DOCUMENTATION_COMMENTS = YES;
				CLANG_WARN_EMPTY_BODY = YES;
				CLANG_WARN_ENUM_CONVERSION = YES;
				CLANG_WARN_INFINITE_RECURSION = YES;
				CLANG_WARN_INT_CONVERSION = YES;
				CLANG_WARN_NON_LITERAL_NULL_CONVERSION = YES;
				CLANG_WARN_OBJC_IMPLICIT_RETAIN_SELF = YES;
				CLANG_WARN_OBJC_LITERAL_CONVERSION = YES;
				CLANG_WARN_OBJC_ROOT_CLASS = YES_ERROR;
				CLANG_WARN_QUOTED_INCLUDE_IN_FRAMEWORK_HEADER = YES;
				CLANG_WARN_RANGE_LOOP_ANALYSIS = YES;
				CLANG_WARN_STRICT_PROTOTYPES = YES;
				CLANG_WARN_SUSPICIOUS_MOVE = YES;
				CLANG_WARN_UNGUARDED_AVAILABILITY = YES_AGGRESSIVE;
				CLANG_WARN_UNREACHABLE_CODE = YES;
				CLANG_WARN__DUPLICATE_METHOD_MATCH = YES;
				COPY_PHASE_STRIP = NO;
				DEBUG_INFORMATION_FORMAT = dwarf;
				ENABLE_STRICT_OBJC_MSGSEND = YES;
				ENABLE_TESTABILITY = YES;
				GCC_C_LANGUAGE_STANDARD = gnu11;
				GCC_DYNAMIC_NO_PIC = NO;
				GCC_NO_COMMON_BLOCKS = YES;
				GCC_OPTIMIZATION_LEVEL = 0;
				GCC_PREPROCESSOR_DEFINITIONS = (
					"DEBUG=1",
					"$(inherited)",
				);
				GCC_WARN_64_TO_32_BIT_CONVERSION = YES;
				GCC_WARN_ABOUT_RETURN_TYPE = YES_ERROR;
				GCC_WARN_UNDECLARED_SELECTOR = YES;
				GCC_WARN_UNINITIALIZED_AUTOS = YES_AGGRESSIVE;
				GCC_WARN_UNUSED_FUNCTION = YES;
				GCC_WARN_UNUSED_VARIABLE = YES;
				IPHONEOS_DEPLOYMENT_TARGET = 14.5;
				MTL_ENABLE_DEBUG_INFO = INCLUDE_SOURCE;
				MTL_FAST_MATH = YES;
				ONLY_ACTIVE_ARCH = YES;
				SDKROOT = iphoneos;
				SWIFT_ACTIVE_COMPILATION_CONDITIONS = DEBUG;
				SWIFT_OPTIMIZATION_LEVEL = "-Onone";
			};
			name = Debug;
		};
		F5C5488B26B5A683001CACAC /* Release */ = {
			isa = XCBuildConfiguration;
			buildSettings = {
				ALWAYS_SEARCH_USER_PATHS = NO;
				CLANG_ANALYZER_NONNULL = YES;
				CLANG_ANALYZER_NUMBER_OBJECT_CONVERSION = YES_AGGRESSIVE;
				CLANG_CXX_LANGUAGE_STANDARD = "gnu++14";
				CLANG_CXX_LIBRARY = "libc++";
				CLANG_ENABLE_MODULES = YES;
				CLANG_ENABLE_OBJC_ARC = YES;
				CLANG_ENABLE_OBJC_WEAK = YES;
				CLANG_WARN_BLOCK_CAPTURE_AUTORELEASING = YES;
				CLANG_WARN_BOOL_CONVERSION = YES;
				CLANG_WARN_COMMA = YES;
				CLANG_WARN_CONSTANT_CONVERSION = YES;
				CLANG_WARN_DEPRECATED_OBJC_IMPLEMENTATIONS = YES;
				CLANG_WARN_DIRECT_OBJC_ISA_USAGE = YES_ERROR;
				CLANG_WARN_DOCUMENTATION_COMMENTS = YES;
				CLANG_WARN_EMPTY_BODY = YES;
				CLANG_WARN_ENUM_CONVERSION = YES;
				CLANG_WARN_INFINITE_RECURSION = YES;
				CLANG_WARN_INT_CONVERSION = YES;
				CLANG_WARN_NON_LITERAL_NULL_CONVERSION = YES;
				CLANG_WARN_OBJC_IMPLICIT_RETAIN_SELF = YES;
				CLANG_WARN_OBJC_LITERAL_CONVERSION = YES;
				CLANG_WARN_OBJC_ROOT_CLASS = YES_ERROR;
				CLANG_WARN_QUOTED_INCLUDE_IN_FRAMEWORK_HEADER = YES;
				CLANG_WARN_RANGE_LOOP_ANALYSIS = YES;
				CLANG_WARN_STRICT_PROTOTYPES = YES;
				CLANG_WARN_SUSPICIOUS_MOVE = YES;
				CLANG_WARN_UNGUARDED_AVAILABILITY = YES_AGGRESSIVE;
				CLANG_WARN_UNREACHABLE_CODE = YES;
				CLANG_WARN__DUPLICATE_METHOD_MATCH = YES;
				COPY_PHASE_STRIP = NO;
				DEBUG_INFORMATION_FORMAT = "dwarf-with-dsym";
				ENABLE_NS_ASSERTIONS = NO;
				ENABLE_STRICT_OBJC_MSGSEND = YES;
				GCC_C_LANGUAGE_STANDARD = gnu11;
				GCC_NO_COMMON_BLOCKS = YES;
				GCC_WARN_64_TO_32_BIT_CONVERSION = YES;
				GCC_WARN_ABOUT_RETURN_TYPE = YES_ERROR;
				GCC_WARN_UNDECLARED_SELECTOR = YES;
				GCC_WARN_UNINITIALIZED_AUTOS = YES_AGGRESSIVE;
				GCC_WARN_UNUSED_FUNCTION = YES;
				GCC_WARN_UNUSED_VARIABLE = YES;
				IPHONEOS_DEPLOYMENT_TARGET = 14.5;
				MTL_ENABLE_DEBUG_INFO = NO;
				MTL_FAST_MATH = YES;
				SDKROOT = iphoneos;
				SWIFT_COMPILATION_MODE = wholemodule;
				SWIFT_OPTIMIZATION_LEVEL = "-O";
				VALIDATE_PRODUCT = YES;
			};
			name = Release;
		};
		F5C5488D26B5A683001CACAC /* Debug */ = {
			isa = XCBuildConfiguration;
			buildSettings = {
				ASSETCATALOG_COMPILER_APPICON_NAME = AppIcon;
				ASSETCATALOG_COMPILER_GLOBAL_ACCENT_COLOR_NAME = AccentColor;
				CODE_SIGN_STYLE = Automatic;
				DEVELOPMENT_TEAM = 72B4ASD893;
				INFOPLIST_FILE = codeLabs/Info.plist;
				LD_RUNPATH_SEARCH_PATHS = (
					"$(inherited)",
					"@executable_path/Frameworks",
				);
				PRODUCT_BUNDLE_IDENTIFIER = id.infiniteLearning.codeLabs;
				PRODUCT_NAME = "$(TARGET_NAME)";
				SWIFT_VERSION = 5.0;
				TARGETED_DEVICE_FAMILY = "1,2";
			};
			name = Debug;
		};
		F5C5488E26B5A683001CACAC /* Release */ = {
			isa = XCBuildConfiguration;
			buildSettings = {
				ASSETCATALOG_COMPILER_APPICON_NAME = AppIcon;
				ASSETCATALOG_COMPILER_GLOBAL_ACCENT_COLOR_NAME = AccentColor;
				CODE_SIGN_STYLE = Automatic;
				DEVELOPMENT_TEAM = 72B4ASD893;
				INFOPLIST_FILE = codeLabs/Info.plist;
				LD_RUNPATH_SEARCH_PATHS = (
					"$(inherited)",
					"@executable_path/Frameworks",
				);
				PRODUCT_BUNDLE_IDENTIFIER = id.infiniteLearning.codeLabs;
				PRODUCT_NAME = "$(TARGET_NAME)";
				SWIFT_VERSION = 5.0;
				TARGETED_DEVICE_FAMILY = "1,2";
			};
			name = Release;
		};
/* End XCBuildConfiguration section */

/* Begin XCConfigurationList section */
		F5C5487326B5A680001CACAC /* Build configuration list for PBXProject "codeLabs" */ = {
			isa = XCConfigurationList;
			buildConfigurations = (
				F5C5488A26B5A683001CACAC /* Debug */,
				F5C5488B26B5A683001CACAC /* Release */,
			);
			defaultConfigurationIsVisible = 0;
			defaultConfigurationName = Release;
		};
		F5C5488C26B5A683001CACAC /* Build configuration list for PBXNativeTarget "codeLabs" */ = {
			isa = XCConfigurationList;
			buildConfigurations = (
				F5C5488D26B5A683001CACAC /* Debug */,
				F5C5488E26B5A683001CACAC /* Release */,
			);
			defaultConfigurationIsVisible = 0;
			defaultConfigurationName = Release;
		};
/* End XCConfigurationList section */
	};
	rootObject = F5C5487026B5A680001CACAC /* Project object */;
}
